// !$*UTF8*$!
{
	archiveVersion = 1;
	classes = {
	};
	objectVersion = 56;
	objects = {

/* Begin PBXBuildFile section */
		D15517DC2AAE1BD900DC58F8 /* UIColorExt.swift in Sources */ = {isa = PBXBuildFile; fileRef = D15517DB2AAE1BD900DC58F8 /* UIColorExt.swift */; };
		D161041E2AA93DBD004CE693 /* ColorVCExt.swift in Sources */ = {isa = PBXBuildFile; fileRef = D161041D2AA93DBD004CE693 /* ColorVCExt.swift */; };
		D16104212AA93EAF004CE693 /* Protocols.swift in Sources */ = {isa = PBXBuildFile; fileRef = D16104202AA93EAF004CE693 /* Protocols.swift */; };
		D16104232AA93EE8004CE693 /* MainVCExt.swift in Sources */ = {isa = PBXBuildFile; fileRef = D16104222AA93EE8004CE693 /* MainVCExt.swift */; };
		D1F50D472AA8FFB200D9BC2C /* AppDelegate.swift in Sources */ = {isa = PBXBuildFile; fileRef = D1F50D462AA8FFB100D9BC2C /* AppDelegate.swift */; };
		D1F50D492AA8FFB200D9BC2C /* SceneDelegate.swift in Sources */ = {isa = PBXBuildFile; fileRef = D1F50D482AA8FFB200D9BC2C /* SceneDelegate.swift */; };
		D1F50D4E2AA8FFB200D9BC2C /* Main.storyboard in Resources */ = {isa = PBXBuildFile; fileRef = D1F50D4C2AA8FFB200D9BC2C /* Main.storyboard */; };
		D1F50D502AA8FFB200D9BC2C /* Assets.xcassets in Resources */ = {isa = PBXBuildFile; fileRef = D1F50D4F2AA8FFB200D9BC2C /* Assets.xcassets */; };
		D1F50D532AA8FFB200D9BC2C /* LaunchScreen.storyboard in Resources */ = {isa = PBXBuildFile; fileRef = D1F50D512AA8FFB200D9BC2C /* LaunchScreen.storyboard */; };
		D1F50D5E2AA9036500D9BC2C /* MainVC.swift in Sources */ = {isa = PBXBuildFile; fileRef = D1F50D5D2AA9036500D9BC2C /* MainVC.swift */; };
		D1F50D602AA9037000D9BC2C /* ColorVC.swift in Sources */ = {isa = PBXBuildFile; fileRef = D1F50D5F2AA9037000D9BC2C /* ColorVC.swift */; };
/* End PBXBuildFile section */

/* Begin PBXFileReference section */
		D15517DB2AAE1BD900DC58F8 /* UIColorExt.swift */ = {isa = PBXFileReference; lastKnownFileType = sourcecode.swift; path = UIColorExt.swift; sourceTree = "<group>"; };
		D161041D2AA93DBD004CE693 /* ColorVCExt.swift */ = {isa = PBXFileReference; lastKnownFileType = sourcecode.swift; path = ColorVCExt.swift; sourceTree = "<group>"; };
		D16104202AA93EAF004CE693 /* Protocols.swift */ = {isa = PBXFileReference; lastKnownFileType = sourcecode.swift; path = Protocols.swift; sourceTree = "<group>"; };
		D16104222AA93EE8004CE693 /* MainVCExt.swift */ = {isa = PBXFileReference; lastKnownFileType = sourcecode.swift; path = MainVCExt.swift; sourceTree = "<group>"; };
		D1F50D432AA8FFB100D9BC2C /* homeWork_18.app */ = {isa = PBXFileReference; explicitFileType = wrapper.application; includeInIndex = 0; path = homeWork_18.app; sourceTree = BUILT_PRODUCTS_DIR; };
		D1F50D462AA8FFB100D9BC2C /* AppDelegate.swift */ = {isa = PBXFileReference; lastKnownFileType = sourcecode.swift; path = AppDelegate.swift; sourceTree = "<group>"; };
		D1F50D482AA8FFB200D9BC2C /* SceneDelegate.swift */ = {isa = PBXFileReference; lastKnownFileType = sourcecode.swift; path = SceneDelegate.swift; sourceTree = "<group>"; };
		D1F50D4D2AA8FFB200D9BC2C /* Base */ = {isa = PBXFileReference; lastKnownFileType = file.storyboard; name = Base; path = Base.lproj/Main.storyboard; sourceTree = "<group>"; };
		D1F50D4F2AA8FFB200D9BC2C /* Assets.xcassets */ = {isa = PBXFileReference; lastKnownFileType = folder.assetcatalog; path = Assets.xcassets; sourceTree = "<group>"; };
		D1F50D522AA8FFB200D9BC2C /* Base */ = {isa = PBXFileReference; lastKnownFileType = file.storyboard; name = Base; path = Base.lproj/LaunchScreen.storyboard; sourceTree = "<group>"; };
		D1F50D542AA8FFB200D9BC2C /* Info.plist */ = {isa = PBXFileReference; lastKnownFileType = text.plist.xml; path = Info.plist; sourceTree = "<group>"; };
		D1F50D5D2AA9036500D9BC2C /* MainVC.swift */ = {isa = PBXFileReference; lastKnownFileType = sourcecode.swift; path = MainVC.swift; sourceTree = "<group>"; };
		D1F50D5F2AA9037000D9BC2C /* ColorVC.swift */ = {isa = PBXFileReference; lastKnownFileType = sourcecode.swift; path = ColorVC.swift; sourceTree = "<group>"; };
/* End PBXFileReference section */

/* Begin PBXFrameworksBuildPhase section */
		D1F50D402AA8FFB100D9BC2C /* Frameworks */ = {
			isa = PBXFrameworksBuildPhase;
			buildActionMask = 2147483647;
			files = (
			);
			runOnlyForDeploymentPostprocessing = 0;
		};
/* End PBXFrameworksBuildPhase section */

/* Begin PBXGroup section */
		D161041C2AA93D99004CE693 /* Extensions */ = {
			isa = PBXGroup;
			children = (
				D16104222AA93EE8004CE693 /* MainVCExt.swift */,
				D161041D2AA93DBD004CE693 /* ColorVCExt.swift */,
				D15517DB2AAE1BD900DC58F8 /* UIColorExt.swift */,
			);
			path = Extensions;
			sourceTree = "<group>";
		};
		D161041F2AA93E99004CE693 /* Protocols */ = {
			isa = PBXGroup;
			children = (
				D16104202AA93EAF004CE693 /* Protocols.swift */,
			);
			path = Protocols;
			sourceTree = "<group>";
		};
		D1F50D3A2AA8FFB100D9BC2C = {
			isa = PBXGroup;
			children = (
				D1F50D452AA8FFB100D9BC2C /* homeWork_18 */,
				D1F50D442AA8FFB100D9BC2C /* Products */,
			);
			sourceTree = "<group>";
		};
		D1F50D442AA8FFB100D9BC2C /* Products */ = {
			isa = PBXGroup;
			children = (
				D1F50D432AA8FFB100D9BC2C /* homeWork_18.app */,
			);
			name = Products;
			sourceTree = "<group>";
		};
		D1F50D452AA8FFB100D9BC2C /* homeWork_18 */ = {
			isa = PBXGroup;
			children = (
				D161041F2AA93E99004CE693 /* Protocols */,
				D161041C2AA93D99004CE693 /* Extensions */,
				D1F50D5B2AA9001E00D9BC2C /* Controllers */,
				D1F50D5C2AA9002C00D9BC2C /* Views */,
				D1F50D542AA8FFB200D9BC2C /* Info.plist */,
				D1F50D4F2AA8FFB200D9BC2C /* Assets.xcassets */,
				D1F50D5A2AA8FFFF00D9BC2C /* Delegate */,
			);
			path = homeWork_18;
			sourceTree = "<group>";
		};
		D1F50D5A2AA8FFFF00D9BC2C /* Delegate */ = {
			isa = PBXGroup;
			children = (
				D1F50D462AA8FFB100D9BC2C /* AppDelegate.swift */,
				D1F50D482AA8FFB200D9BC2C /* SceneDelegate.swift */,
			);
			path = Delegate;
			sourceTree = "<group>";
		};
		D1F50D5B2AA9001E00D9BC2C /* Controllers */ = {
			isa = PBXGroup;
			children = (
				D1F50D5D2AA9036500D9BC2C /* MainVC.swift */,
				D1F50D5F2AA9037000D9BC2C /* ColorVC.swift */,
			);
			path = Controllers;
			sourceTree = "<group>";
		};
		D1F50D5C2AA9002C00D9BC2C /* Views */ = {
			isa = PBXGroup;
			children = (
				D1F50D4C2AA8FFB200D9BC2C /* Main.storyboard */,
				D1F50D512AA8FFB200D9BC2C /* LaunchScreen.storyboard */,
			);
			path = Views;
			sourceTree = "<group>";
		};
/* End PBXGroup section */

/* Begin PBXNativeTarget section */
		D1F50D422AA8FFB100D9BC2C /* homeWork_18 */ = {
			isa = PBXNativeTarget;
			buildConfigurationList = D1F50D572AA8FFB200D9BC2C /* Build configuration list for PBXNativeTarget "homeWork_18" */;
			buildPhases = (
				D1F50D3F2AA8FFB100D9BC2C /* Sources */,
				D1F50D402AA8FFB100D9BC2C /* Frameworks */,
				D1F50D412AA8FFB100D9BC2C /* Resources */,
			);
			buildRules = (
			);
			dependencies = (
			);
			name = homeWork_18;
			productName = homeWork_18;
			productReference = D1F50D432AA8FFB100D9BC2C /* homeWork_18.app */;
			productType = "com.apple.product-type.application";
		};
/* End PBXNativeTarget section */

/* Begin PBXProject section */
		D1F50D3B2AA8FFB100D9BC2C /* Project object */ = {
			isa = PBXProject;
			attributes = {
				BuildIndependentTargetsInParallel = 1;
				LastSwiftUpdateCheck = 1430;
				LastUpgradeCheck = 1430;
				TargetAttributes = {
					D1F50D422AA8FFB100D9BC2C = {
						CreatedOnToolsVersion = 14.3.1;
					};
				};
			};
			buildConfigurationList = D1F50D3E2AA8FFB100D9BC2C /* Build configuration list for PBXProject "homeWork_18" */;
			compatibilityVersion = "Xcode 14.0";
			developmentRegion = en;
			hasScannedForEncodings = 0;
			knownRegions = (
				en,
				Base,
			);
			mainGroup = D1F50D3A2AA8FFB100D9BC2C;
			productRefGroup = D1F50D442AA8FFB100D9BC2C /* Products */;
			projectDirPath = "";
			projectRoot = "";
			targets = (
				D1F50D422AA8FFB100D9BC2C /* homeWork_18 */,
			);
		};
/* End PBXProject section */

/* Begin PBXResourcesBuildPhase section */
		D1F50D412AA8FFB100D9BC2C /* Resources */ = {
			isa = PBXResourcesBuildPhase;
			buildActionMask = 2147483647;
			files = (
				D1F50D532AA8FFB200D9BC2C /* LaunchScreen.storyboard in Resources */,
				D1F50D502AA8FFB200D9BC2C /* Assets.xcassets in Resources */,
				D1F50D4E2AA8FFB200D9BC2C /* Main.storyboard in Resources */,
			);
			runOnlyForDeploymentPostprocessing = 0;
		};
/* End PBXResourcesBuildPhase section */

/* Begin PBXSourcesBuildPhase section */
		D1F50D3F2AA8FFB100D9BC2C /* Sources */ = {
			isa = PBXSourcesBuildPhase;
			buildActionMask = 2147483647;
			files = (
				D1F50D472AA8FFB200D9BC2C /* AppDelegate.swift in Sources */,
				D15517DC2AAE1BD900DC58F8 /* UIColorExt.swift in Sources */,
				D1F50D5E2AA9036500D9BC2C /* MainVC.swift in Sources */,
				D161041E2AA93DBD004CE693 /* ColorVCExt.swift in Sources */,
				D16104232AA93EE8004CE693 /* MainVCExt.swift in Sources */,
				D16104212AA93EAF004CE693 /* Protocols.swift in Sources */,
				D1F50D602AA9037000D9BC2C /* ColorVC.swift in Sources */,
				D1F50D492AA8FFB200D9BC2C /* SceneDelegate.swift in Sources */,
			);
			runOnlyForDeploymentPostprocessing = 0;
		};
/* End PBXSourcesBuildPhase section */

/* Begin PBXVariantGroup section */
		D1F50D4C2AA8FFB200D9BC2C /* Main.storyboard */ = {
			isa = PBXVariantGroup;
			children = (
				D1F50D4D2AA8FFB200D9BC2C /* Base */,
			);
			name = Main.storyboard;
			sourceTree = "<group>";
		};
		D1F50D512AA8FFB200D9BC2C /* LaunchScreen.storyboard */ = {
			isa = PBXVariantGroup;
			children = (
				D1F50D522AA8FFB200D9BC2C /* Base */,
			);
			name = LaunchScreen.storyboard;
			sourceTree = "<group>";
		};
/* End PBXVariantGroup section */

/* Begin XCBuildConfiguration section */
		D1F50D552AA8FFB200D9BC2C /* Debug */ = {
			isa = XCBuildConfiguration;
			buildSettings = {
				ALWAYS_SEARCH_USER_PATHS = NO;
				CLANG_ANALYZER_NONNULL = YES;
				CLANG_ANALYZER_NUMBER_OBJECT_CONVERSION = YES_AGGRESSIVE;
				CLANG_CXX_LANGUAGE_STANDARD = "gnu++20";
				CLANG_ENABLE_MODULES = YES;
				CLANG_ENABLE_OBJC_ARC = YES;
				CLANG_ENABLE_OBJC_WEAK = YES;
				CLANG_WARN_BLOCK_CAPTURE_AUTORELEASING = YES;
				CLANG_WARN_BOOL_CONVERSION = YES;
				CLANG_WARN_COMMA = YES;
				CLANG_WARN_CONSTANT_CONVERSION = YES;
				CLANG_WARN_DEPRECATED_OBJC_IMPLEMENTATIONS = YES;
				CLANG_WARN_DIRECT_OBJC_ISA_USAGE = YES_ERROR;
				CLANG_WARN_DOCUMENTATION_COMMENTS = YES;
				CLANG_WARN_EMPTY_BODY = YES;
				CLANG_WARN_ENUM_CONVERSION = YES;
				CLANG_WARN_INFINITE_RECURSION = YES;
				CLANG_WARN_INT_CONVERSION = YES;
				CLANG_WARN_NON_LITERAL_NULL_CONVERSION = YES;
				CLANG_WARN_OBJC_IMPLICIT_RETAIN_SELF = YES;
				CLANG_WARN_OBJC_LITERAL_CONVERSION = YES;
				CLANG_WARN_OBJC_ROOT_CLASS = YES_ERROR;
				CLANG_WARN_QUOTED_INCLUDE_IN_FRAMEWORK_HEADER = YES;
				CLANG_WARN_RANGE_LOOP_ANALYSIS = YES;
				CLANG_WARN_STRICT_PROTOTYPES = YES;
				CLANG_WARN_SUSPICIOUS_MOVE = YES;
				CLANG_WARN_UNGUARDED_AVAILABILITY = YES_AGGRESSIVE;
				CLANG_WARN_UNREACHABLE_CODE = YES;
				CLANG_WARN__DUPLICATE_METHOD_MATCH = YES;
				COPY_PHASE_STRIP = NO;
				DEBUG_INFORMATION_FORMAT = dwarf;
				ENABLE_STRICT_OBJC_MSGSEND = YES;
				ENABLE_TESTABILITY = YES;
				GCC_C_LANGUAGE_STANDARD = gnu11;
				GCC_DYNAMIC_NO_PIC = NO;
				GCC_NO_COMMON_BLOCKS = YES;
				GCC_OPTIMIZATION_LEVEL = 0;
				GCC_PREPROCESSOR_DEFINITIONS = (
					"DEBUG=1",
					"$(inherited)",
				);
				GCC_WARN_64_TO_32_BIT_CONVERSION = YES;
				GCC_WARN_ABOUT_RETURN_TYPE = YES_ERROR;
				GCC_WARN_UNDECLARED_SELECTOR = YES;
				GCC_WARN_UNINITIALIZED_AUTOS = YES_AGGRESSIVE;
				GCC_WARN_UNUSED_FUNCTION = YES;
				GCC_WARN_UNUSED_VARIABLE = YES;
				IPHONEOS_DEPLOYMENT_TARGET = 16.4;
				MTL_ENABLE_DEBUG_INFO = INCLUDE_SOURCE;
				MTL_FAST_MATH = YES;
				ONLY_ACTIVE_ARCH = YES;
				SDKROOT = iphoneos;
				SWIFT_ACTIVE_COMPILATION_CONDITIONS = DEBUG;
				SWIFT_OPTIMIZATION_LEVEL = "-Onone";
			};
			name = Debug;
		};
		D1F50D562AA8FFB200D9BC2C /* Release */ = {
			isa = XCBuildConfiguration;
			buildSettings = {
				ALWAYS_SEARCH_USER_PATHS = NO;
				CLANG_ANALYZER_NONNULL = YES;
				CLANG_ANALYZER_NUMBER_OBJECT_CONVERSION = YES_AGGRESSIVE;
				CLANG_CXX_LANGUAGE_STANDARD = "gnu++20";
				CLANG_ENABLE_MODULES = YES;
				CLANG_ENABLE_OBJC_ARC = YES;
				CLANG_ENABLE_OBJC_WEAK = YES;
				CLANG_WARN_BLOCK_CAPTURE_AUTORELEASING = YES;
				CLANG_WARN_BOOL_CONVERSION = YES;
				CLANG_WARN_COMMA = YES;
				CLANG_WARN_CONSTANT_CONVERSION = YES;
				CLANG_WARN_DEPRECATED_OBJC_IMPLEMENTATIONS = YES;
				CLANG_WARN_DIRECT_OBJC_ISA_USAGE = YES_ERROR;
				CLANG_WARN_DOCUMENTATION_COMMENTS = YES;
				CLANG_WARN_EMPTY_BODY = YES;
				CLANG_WARN_ENUM_CONVERSION = YES;
				CLANG_WARN_INFINITE_RECURSION = YES;
				CLANG_WARN_INT_CONVERSION = YES;
				CLANG_WARN_NON_LITERAL_NULL_CONVERSION = YES;
				CLANG_WARN_OBJC_IMPLICIT_RETAIN_SELF = YES;
				CLANG_WARN_OBJC_LITERAL_CONVERSION = YES;
				CLANG_WARN_OBJC_ROOT_CLASS = YES_ERROR;
				CLANG_WARN_QUOTED_INCLUDE_IN_FRAMEWORK_HEADER = YES;
				CLANG_WARN_RANGE_LOOP_ANALYSIS = YES;
				CLANG_WARN_STRICT_PROTOTYPES = YES;
				CLANG_WARN_SUSPICIOUS_MOVE = YES;
				CLANG_WARN_UNGUARDED_AVAILABILITY = YES_AGGRESSIVE;
				CLANG_WARN_UNREACHABLE_CODE = YES;
				CLANG_WARN__DUPLICATE_METHOD_MATCH = YES;
				COPY_PHASE_STRIP = NO;
				DEBUG_INFORMATION_FORMAT = "dwarf-with-dsym";
				ENABLE_NS_ASSERTIONS = NO;
				ENABLE_STRICT_OBJC_MSGSEND = YES;
				GCC_C_LANGUAGE_STANDARD = gnu11;
				GCC_NO_COMMON_BLOCKS = YES;
				GCC_WARN_64_TO_32_BIT_CONVERSION = YES;
				GCC_WARN_ABOUT_RETURN_TYPE = YES_ERROR;
				GCC_WARN_UNDECLARED_SELECTOR = YES;
				GCC_WARN_UNINITIALIZED_AUTOS = YES_AGGRESSIVE;
				GCC_WARN_UNUSED_FUNCTION = YES;
				GCC_WARN_UNUSED_VARIABLE = YES;
				IPHONEOS_DEPLOYMENT_TARGET = 16.4;
				MTL_ENABLE_DEBUG_INFO = NO;
				MTL_FAST_MATH = YES;
				SDKROOT = iphoneos;
				SWIFT_COMPILATION_MODE = wholemodule;
				SWIFT_OPTIMIZATION_LEVEL = "-O";
				VALIDATE_PRODUCT = YES;
			};
			name = Release;
		};
		D1F50D582AA8FFB200D9BC2C /* Debug */ = {
			isa = XCBuildConfiguration;
			buildSettings = {
				ASSETCATALOG_COMPILER_APPICON_NAME = AppIcon;
				ASSETCATALOG_COMPILER_GLOBAL_ACCENT_COLOR_NAME = AccentColor;
				CODE_SIGN_STYLE = Automatic;
				CURRENT_PROJECT_VERSION = 1;
				DEVELOPMENT_TEAM = 2BFD7M72TY;
				GENERATE_INFOPLIST_FILE = YES;
				INFOPLIST_FILE = homeWork_18/Info.plist;
				INFOPLIST_KEY_UIApplicationSupportsIndirectInputEvents = YES;
				INFOPLIST_KEY_UILaunchStoryboardName = LaunchScreen;
				INFOPLIST_KEY_UIMainStoryboardFile = Main;
				INFOPLIST_KEY_UISupportedInterfaceOrientations = UIInterfaceOrientationPortrait;
				INFOPLIST_KEY_UISupportedInterfaceOrientations_iPad = "UIInterfaceOrientationLandscapeLeft UIInterfaceOrientationLandscapeRight UIInterfaceOrientationPortrait UIInterfaceOrientationPortraitUpsideDown";
				LD_RUNPATH_SEARCH_PATHS = (
					"$(inherited)",
					"@executable_path/Frameworks",
				);
				MARKETING_VERSION = 1.0;
				PRODUCT_BUNDLE_IDENTIFIER = "com.yourcompany.homeWork-18";
				PRODUCT_NAME = "$(TARGET_NAME)";
				SUPPORTED_PLATFORMS = "iphoneos iphonesimulator";
				SUPPORTS_MACCATALYST = NO;
				SUPPORTS_MAC_DESIGNED_FOR_IPHONE_IPAD = NO;
				SWIFT_EMIT_LOC_STRINGS = YES;
				SWIFT_VERSION = 5.0;
				TARGETED_DEVICE_FAMILY = 1;
			};
			name = Debug;
		};
		D1F50D592AA8FFB200D9BC2C /* Release */ = {
			isa = XCBuildConfiguration;
			buildSettings = {
				ASSETCATALOG_COMPILER_APPICON_NAME = AppIcon;
				ASSETCATALOG_COMPILER_GLOBAL_ACCENT_COLOR_NAME = AccentColor;
				CODE_SIGN_STYLE = Automatic;
				CURRENT_PROJECT_VERSION = 1;
				DEVELOPMENT_TEAM = 2BFD7M72TY;
				GENERATE_INFOPLIST_FILE = YES;
				INFOPLIST_FILE = homeWork_18/Info.plist;
				INFOPLIST_KEY_UIApplicationSupportsIndirectInputEvents = YES;
				INFOPLIST_KEY_UILaunchStoryboardName = LaunchScreen;
				INFOPLIST_KEY_UIMainStoryboardFile = Main;
				INFOPLIST_KEY_UISupportedInterfaceOrientations = UIInterfaceOrientationPortrait;
				INFOPLIST_KEY_UISupportedInterfaceOrientations_iPad = "UIInterfaceOrientationLandscapeLeft UIInterfaceOrientationLandscapeRight UIInterfaceOrientationPortrait UIInterfaceOrientationPortraitUpsideDown";
				LD_RUNPATH_SEARCH_PATHS = (
					"$(inherited)",
					"@executable_path/Frameworks",
				);
				MARKETING_VERSION = 1.0;
				PRODUCT_BUNDLE_IDENTIFIER = "com.yourcompany.homeWork-18";
				PRODUCT_NAME = "$(TARGET_NAME)";
				SUPPORTED_PLATFORMS = "iphoneos iphonesimulator";
				SUPPORTS_MACCATALYST = NO;
				SUPPORTS_MAC_DESIGNED_FOR_IPHONE_IPAD = NO;
				SWIFT_EMIT_LOC_STRINGS = YES;
				SWIFT_VERSION = 5.0;
				TARGETED_DEVICE_FAMILY = 1;
			};
			name = Release;
		};
/* End XCBuildConfiguration section */

/* Begin XCConfigurationList section */
		D1F50D3E2AA8FFB100D9BC2C /* Build configuration list for PBXProject "homeWork_18" */ = {
			isa = XCConfigurationList;
			buildConfigurations = (
				D1F50D552AA8FFB200D9BC2C /* Debug */,
				D1F50D562AA8FFB200D9BC2C /* Release */,
			);
			defaultConfigurationIsVisible = 0;
			defaultConfigurationName = Release;
		};
		D1F50D572AA8FFB200D9BC2C /* Build configuration list for PBXNativeTarget "homeWork_18" */ = {
			isa = XCConfigurationList;
			buildConfigurations = (
				D1F50D582AA8FFB200D9BC2C /* Debug */,
				D1F50D592AA8FFB200D9BC2C /* Release */,
			);
			defaultConfigurationIsVisible = 0;
			defaultConfigurationName = Release;
		};
/* End XCConfigurationList section */
	};
	rootObject = D1F50D3B2AA8FFB100D9BC2C /* Project object */;
}
